// !$*UTF8*$!
{
	archiveVersion = 1;
	classes = {
	};
	objectVersion = 46;
	objects = {

/* Begin PBXBuildFile section */
		B61A9ABD1E95DF7A0096AFA3 /* main.m in Sources */ = {isa = PBXBuildFile; fileRef = B61A9ABC1E95DF7A0096AFA3 /* main.m */; };
		B61A9AC01E95DF7A0096AFA3 /* AppDelegate.m in Sources */ = {isa = PBXBuildFile; fileRef = B61A9ABF1E95DF7A0096AFA3 /* AppDelegate.m */; };
		B61A9AC31E95DF7A0096AFA3 /* ViewController.m in Sources */ = {isa = PBXBuildFile; fileRef = B61A9AC21E95DF7A0096AFA3 /* ViewController.m */; };
		B61A9AC61E95DF7A0096AFA3 /* Main.storyboard in Resources */ = {isa = PBXBuildFile; fileRef = B61A9AC41E95DF7A0096AFA3 /* Main.storyboard */; };
		B61A9AC81E95DF7A0096AFA3 /* Assets.xcassets in Resources */ = {isa = PBXBuildFile; fileRef = B61A9AC71E95DF7A0096AFA3 /* Assets.xcassets */; };
		B61A9ACB1E95DF7A0096AFA3 /* LaunchScreen.storyboard in Resources */ = {isa = PBXBuildFile; fileRef = B61A9AC91E95DF7A0096AFA3 /* LaunchScreen.storyboard */; };
		B61A9AD61E95DF7B0096AFA3 /* AlternateIconsTests.m in Sources */ = {isa = PBXBuildFile; fileRef = B61A9AD51E95DF7B0096AFA3 /* AlternateIconsTests.m */; };
		FF56920B1E95EC8300F1EB0B /* IconFirst@2x.png in Resources */ = {isa = PBXBuildFile; fileRef = FF5692091E95EC8300F1EB0B /* IconFirst@2x.png */; };
		FF56920C1E95EC8300F1EB0B /* IconFirst@3x.png in Resources */ = {isa = PBXBuildFile; fileRef = FF56920A1E95EC8300F1EB0B /* IconFirst@3x.png */; };
/* End PBXBuildFile section */

/* Begin PBXContainerItemProxy section */
		B61A9AD21E95DF7B0096AFA3 /* PBXContainerItemProxy */ = {
			isa = PBXContainerItemProxy;
			containerPortal = B61A9AB01E95DF7A0096AFA3 /* Project object */;
			proxyType = 1;
			remoteGlobalIDString = B61A9AB71E95DF7A0096AFA3;
			remoteInfo = AlternateIcons;
		};
/* End PBXContainerItemProxy section */

/* Begin PBXFileReference section */
		B61A9AB81E95DF7A0096AFA3 /* AlternateIcons.app */ = {isa = PBXFileReference; explicitFileType = wrapper.application; includeInIndex = 0; path = AlternateIcons.app; sourceTree = BUILT_PRODUCTS_DIR; };
		B61A9ABC1E95DF7A0096AFA3 /* main.m */ = {isa = PBXFileReference; lastKnownFileType = sourcecode.c.objc; path = main.m; sourceTree = "<group>"; };
		B61A9ABE1E95DF7A0096AFA3 /* AppDelegate.h */ = {isa = PBXFileReference; lastKnownFileType = sourcecode.c.h; path = AppDelegate.h; sourceTree = "<group>"; };
		B61A9ABF1E95DF7A0096AFA3 /* AppDelegate.m */ = {isa = PBXFileReference; lastKnownFileType = sourcecode.c.objc; path = AppDelegate.m; sourceTree = "<group>"; };
		B61A9AC11E95DF7A0096AFA3 /* ViewController.h */ = {isa = PBXFileReference; lastKnownFileType = sourcecode.c.h; path = ViewController.h; sourceTree = "<group>"; };
		B61A9AC21E95DF7A0096AFA3 /* ViewController.m */ = {isa = PBXFileReference; lastKnownFileType = sourcecode.c.objc; path = ViewController.m; sourceTree = "<group>"; };
		B61A9AC51E95DF7A0096AFA3 /* Base */ = {isa = PBXFileReference; lastKnownFileType = file.storyboard; name = Base; path = Base.lproj/Main.storyboard; sourceTree = "<group>"; };
		B61A9AC71E95DF7A0096AFA3 /* Assets.xcassets */ = {isa = PBXFileReference; lastKnownFileType = folder.assetcatalog; path = Assets.xcassets; sourceTree = "<group>"; };
		B61A9ACA1E95DF7A0096AFA3 /* Base */ = {isa = PBXFileReference; lastKnownFileType = file.storyboard; name = Base; path = Base.lproj/LaunchScreen.storyboard; sourceTree = "<group>"; };
		B61A9ACC1E95DF7A0096AFA3 /* Info.plist */ = {isa = PBXFileReference; lastKnownFileType = text.plist.xml; path = Info.plist; sourceTree = "<group>"; };
		B61A9AD11E95DF7B0096AFA3 /* AlternateIconsTests.xctest */ = {isa = PBXFileReference; explicitFileType = wrapper.cfbundle; includeInIndex = 0; path = AlternateIconsTests.xctest; sourceTree = BUILT_PRODUCTS_DIR; };
		B61A9AD51E95DF7B0096AFA3 /* AlternateIconsTests.m */ = {isa = PBXFileReference; lastKnownFileType = sourcecode.c.objc; path = AlternateIconsTests.m; sourceTree = "<group>"; };
		B61A9AD71E95DF7B0096AFA3 /* Info.plist */ = {isa = PBXFileReference; lastKnownFileType = text.plist.xml; path = Info.plist; sourceTree = "<group>"; };
		FF5692091E95EC8300F1EB0B /* IconFirst@2x.png */ = {isa = PBXFileReference; lastKnownFileType = image.png; path = "IconFirst@2x.png"; sourceTree = "<group>"; };
		FF56920A1E95EC8300F1EB0B /* IconFirst@3x.png */ = {isa = PBXFileReference; lastKnownFileType = image.png; path = "IconFirst@3x.png"; sourceTree = "<group>"; };
/* End PBXFileReference section */

/* Begin PBXFrameworksBuildPhase section */
		B61A9AB51E95DF7A0096AFA3 /* Frameworks */ = {
			isa = PBXFrameworksBuildPhase;
			buildActionMask = 2147483647;
			files = (
			);
			runOnlyForDeploymentPostprocessing = 0;
		};
		B61A9ACE1E95DF7B0096AFA3 /* Frameworks */ = {
			isa = PBXFrameworksBuildPhase;
			buildActionMask = 2147483647;
			files = (
			);
			runOnlyForDeploymentPostprocessing = 0;
		};
/* End PBXFrameworksBuildPhase section */

/* Begin PBXGroup section */
		B61A9AAF1E95DF7A0096AFA3 = {
			isa = PBXGroup;
			children = (
				FF5692091E95EC8300F1EB0B /* IconFirst@2x.png */,
				FF56920A1E95EC8300F1EB0B /* IconFirst@3x.png */,
				B61A9ABA1E95DF7A0096AFA3 /* AlternateIcons */,
				B61A9AD41E95DF7B0096AFA3 /* AlternateIconsTests */,
				B61A9AB91E95DF7A0096AFA3 /* Products */,
			);
			sourceTree = "<group>";
		};
		B61A9AB91E95DF7A0096AFA3 /* Products */ = {
			isa = PBXGroup;
			children = (
				B61A9AB81E95DF7A0096AFA3 /* AlternateIcons.app */,
				B61A9AD11E95DF7B0096AFA3 /* AlternateIconsTests.xctest */,
			);
			name = Products;
			sourceTree = "<group>";
		};
		B61A9ABA1E95DF7A0096AFA3 /* AlternateIcons */ = {
			isa = PBXGroup;
			children = (
				B61A9ABE1E95DF7A0096AFA3 /* AppDelegate.h */,
				B61A9ABF1E95DF7A0096AFA3 /* AppDelegate.m */,
				B61A9AC11E95DF7A0096AFA3 /* ViewController.h */,
				B61A9AC21E95DF7A0096AFA3 /* ViewController.m */,
				B61A9AC41E95DF7A0096AFA3 /* Main.storyboard */,
				B61A9AC71E95DF7A0096AFA3 /* Assets.xcassets */,
				B61A9AC91E95DF7A0096AFA3 /* LaunchScreen.storyboard */,
				B61A9ACC1E95DF7A0096AFA3 /* Info.plist */,
				B61A9ABB1E95DF7A0096AFA3 /* Supporting Files */,
			);
			path = AlternateIcons;
			sourceTree = "<group>";
		};
		B61A9ABB1E95DF7A0096AFA3 /* Supporting Files */ = {
			isa = PBXGroup;
			children = (
				B61A9ABC1E95DF7A0096AFA3 /* main.m */,
			);
			name = "Supporting Files";
			sourceTree = "<group>";
		};
		B61A9AD41E95DF7B0096AFA3 /* AlternateIconsTests */ = {
			isa = PBXGroup;
			children = (
				B61A9AD51E95DF7B0096AFA3 /* AlternateIconsTests.m */,
				B61A9AD71E95DF7B0096AFA3 /* Info.plist */,
			);
			path = AlternateIconsTests;
			sourceTree = "<group>";
		};
/* End PBXGroup section */

/* Begin PBXNativeTarget section */
		B61A9AB71E95DF7A0096AFA3 /* AlternateIcons */ = {
			isa = PBXNativeTarget;
			buildConfigurationList = B61A9ADA1E95DF7B0096AFA3 /* Build configuration list for PBXNativeTarget "AlternateIcons" */;
			buildPhases = (
				B61A9AB41E95DF7A0096AFA3 /* Sources */,
				B61A9AB51E95DF7A0096AFA3 /* Frameworks */,
				B61A9AB61E95DF7A0096AFA3 /* Resources */,
			);
			buildRules = (
			);
			dependencies = (
			);
			name = AlternateIcons;
			productName = AlternateIcons;
			productReference = B61A9AB81E95DF7A0096AFA3 /* AlternateIcons.app */;
			productType = "com.apple.product-type.application";
		};
		B61A9AD01E95DF7B0096AFA3 /* AlternateIconsTests */ = {
			isa = PBXNativeTarget;
			buildConfigurationList = B61A9ADD1E95DF7B0096AFA3 /* Build configuration list for PBXNativeTarget "AlternateIconsTests" */;
			buildPhases = (
				B61A9ACD1E95DF7B0096AFA3 /* Sources */,
				B61A9ACE1E95DF7B0096AFA3 /* Frameworks */,
				B61A9ACF1E95DF7B0096AFA3 /* Resources */,
			);
			buildRules = (
			);
			dependencies = (
				B61A9AD31E95DF7B0096AFA3 /* PBXTargetDependency */,
			);
			name = AlternateIconsTests;
			productName = AlternateIconsTests;
			productReference = B61A9AD11E95DF7B0096AFA3 /* AlternateIconsTests.xctest */;
			productType = "com.apple.product-type.bundle.unit-test";
		};
/* End PBXNativeTarget section */

/* Begin PBXProject section */
		B61A9AB01E95DF7A0096AFA3 /* Project object */ = {
			isa = PBXProject;
			attributes = {
				LastUpgradeCheck = 0820;
				ORGANIZATIONNAME = chinanetcenter;
				TargetAttributes = {
					B61A9AB71E95DF7A0096AFA3 = {
						CreatedOnToolsVersion = 8.2.1;
						DevelopmentTeam = 3EJNX95B3D;
						ProvisioningStyle = Automatic;
					};
					B61A9AD01E95DF7B0096AFA3 = {
						CreatedOnToolsVersion = 8.2.1;
						DevelopmentTeam = 8D983AWF36;
						ProvisioningStyle = Automatic;
						TestTargetID = B61A9AB71E95DF7A0096AFA3;
					};
				};
			};
			buildConfigurationList = B61A9AB31E95DF7A0096AFA3 /* Build configuration list for PBXProject "AlternateIcons" */;
			compatibilityVersion = "Xcode 3.2";
			developmentRegion = English;
			hasScannedForEncodings = 0;
			knownRegions = (
				en,
				Base,
			);
			mainGroup = B61A9AAF1E95DF7A0096AFA3;
			productRefGroup = B61A9AB91E95DF7A0096AFA3 /* Products */;
			projectDirPath = "";
			projectRoot = "";
			targets = (
				B61A9AB71E95DF7A0096AFA3 /* AlternateIcons */,
				B61A9AD01E95DF7B0096AFA3 /* AlternateIconsTests */,
			);
		};
/* End PBXProject section */

/* Begin PBXResourcesBuildPhase section */
		B61A9AB61E95DF7A0096AFA3 /* Resources */ = {
			isa = PBXResourcesBuildPhase;
			buildActionMask = 2147483647;
			files = (
				B61A9ACB1E95DF7A0096AFA3 /* LaunchScreen.storyboard in Resources */,
				FF56920C1E95EC8300F1EB0B /* IconFirst@3x.png in Resources */,
				B61A9AC81E95DF7A0096AFA3 /* Assets.xcassets in Resources */,
				FF56920B1E95EC8300F1EB0B /* IconFirst@2x.png in Resources */,
				B61A9AC61E95DF7A0096AFA3 /* Main.storyboard in Resources */,
			);
			runOnlyForDeploymentPostprocessing = 0;
		};
		B61A9ACF1E95DF7B0096AFA3 /* Resources */ = {
			isa = PBXResourcesBuildPhase;
			buildActionMask = 2147483647;
			files = (
			);
			runOnlyForDeploymentPostprocessing = 0;
		};
/* End PBXResourcesBuildPhase section */

/* Begin PBXSourcesBuildPhase section */
		B61A9AB41E95DF7A0096AFA3 /* Sources */ = {
			isa = PBXSourcesBuildPhase;
			buildActionMask = 2147483647;
			files = (
				B61A9AC31E95DF7A0096AFA3 /* ViewController.m in Sources */,
				B61A9AC01E95DF7A0096AFA3 /* AppDelegate.m in Sources */,
				B61A9ABD1E95DF7A0096AFA3 /* main.m in Sources */,
			);
			runOnlyForDeploymentPostprocessing = 0;
		};
		B61A9ACD1E95DF7B0096AFA3 /* Sources */ = {
			isa = PBXSourcesBuildPhase;
			buildActionMask = 2147483647;
			files = (
				B61A9AD61E95DF7B0096AFA3 /* AlternateIconsTests.m in Sources */,
			);
			runOnlyForDeploymentPostprocessing = 0;
		};
/* End PBXSourcesBuildPhase section */

/* Begin PBXTargetDependency section */
		B61A9AD31E95DF7B0096AFA3 /* PBXTargetDependency */ = {
			isa = PBXTargetDependency;
			target = B61A9AB71E95DF7A0096AFA3 /* AlternateIcons */;
			targetProxy = B61A9AD21E95DF7B0096AFA3 /* PBXContainerItemProxy */;
		};
/* End PBXTargetDependency section */

/* Begin PBXVariantGroup section */
		B61A9AC41E95DF7A0096AFA3 /* Main.storyboard */ = {
			isa = PBXVariantGroup;
			children = (
				B61A9AC51E95DF7A0096AFA3 /* Base */,
			);
			name = Main.storyboard;
			sourceTree = "<group>";
		};
		B61A9AC91E95DF7A0096AFA3 /* LaunchScreen.storyboard */ = {
			isa = PBXVariantGroup;
			children = (
				B61A9ACA1E95DF7A0096AFA3 /* Base */,
			);
			name = LaunchScreen.storyboard;
			sourceTree = "<group>";
		};
/* End PBXVariantGroup section */

/* Begin XCBuildConfiguration section */
		B61A9AD81E95DF7B0096AFA3 /* Debug */ = {
			isa = XCBuildConfiguration;
			buildSettings = {
				ALWAYS_SEARCH_USER_PATHS = NO;
				CLANG_ANALYZER_NONNULL = YES;
				CLANG_CXX_LANGUAGE_STANDARD = "gnu++0x";
				CLANG_CXX_LIBRARY = "libc++";
				CLANG_ENABLE_MODULES = YES;
				CLANG_ENABLE_OBJC_ARC = YES;
				CLANG_WARN_BOOL_CONVERSION = YES;
				CLANG_WARN_CONSTANT_CONVERSION = YES;
				CLANG_WARN_DIRECT_OBJC_ISA_USAGE = YES_ERROR;
				CLANG_WARN_DOCUMENTATION_COMMENTS = YES;
				CLANG_WARN_EMPTY_BODY = YES;
				CLANG_WARN_ENUM_CONVERSION = YES;
				CLANG_WARN_INFINITE_RECURSION = YES;
				CLANG_WARN_INT_CONVERSION = YES;
				CLANG_WARN_OBJC_ROOT_CLASS = YES_ERROR;
				CLANG_WARN_SUSPICIOUS_MOVE = YES;
				CLANG_WARN_UNREACHABLE_CODE = YES;
				CLANG_WARN__DUPLICATE_METHOD_MATCH = YES;
				"CODE_SIGN_IDENTITY[sdk=iphoneos*]" = "iPhone Developer";
				COPY_PHASE_STRIP = NO;
				DEBUG_INFORMATION_FORMAT = dwarf;
				ENABLE_STRICT_OBJC_MSGSEND = YES;
				ENABLE_TESTABILITY = YES;
				GCC_C_LANGUAGE_STANDARD = gnu99;
				GCC_DYNAMIC_NO_PIC = NO;
				GCC_NO_COMMON_BLOCKS = YES;
				GCC_OPTIMIZATION_LEVEL = 0;
				GCC_PREPROCESSOR_DEFINITIONS = (
					"DEBUG=1",
					"$(inherited)",
				);
				GCC_WARN_64_TO_32_BIT_CONVERSION = YES;
				GCC_WARN_ABOUT_RETURN_TYPE = YES_ERROR;
				GCC_WARN_UNDECLARED_SELECTOR = YES;
				GCC_WARN_UNINITIALIZED_AUTOS = YES_AGGRESSIVE;
				GCC_WARN_UNUSED_FUNCTION = YES;
				GCC_WARN_UNUSED_VARIABLE = YES;
				IPHONEOS_DEPLOYMENT_TARGET = 10.2;
				MTL_ENABLE_DEBUG_INFO = YES;
				ONLY_ACTIVE_ARCH = YES;
				SDKROOT = iphoneos;
			};
			name = Debug;
		};
		B61A9AD91E95DF7B0096AFA3 /* Release */ = {
			isa = XCBuildConfiguration;
			buildSettings = {
				ALWAYS_SEARCH_USER_PATHS = NO;
				CLANG_ANALYZER_NONNULL = YES;
				CLANG_CXX_LANGUAGE_STANDARD = "gnu++0x";
				CLANG_CXX_LIBRARY = "libc++";
				CLANG_ENABLE_MODULES = YES;
				CLANG_ENABLE_OBJC_ARC = YES;
				CLANG_WARN_BOOL_CONVERSION = YES;
				CLANG_WARN_CONSTANT_CONVERSION = YES;
				CLANG_WARN_DIRECT_OBJC_ISA_USAGE = YES_ERROR;
				CLANG_WARN_DOCUMENTATION_COMMENTS = YES;
				CLANG_WARN_EMPTY_BODY = YES;
				CLANG_WARN_ENUM_CONVERSION = YES;
				CLANG_WARN_INFINITE_RECURSION = YES;
				CLANG_WARN_INT_CONVERSION = YES;
				CLANG_WARN_OBJC_ROOT_CLASS = YES_ERROR;
				CLANG_WARN_SUSPICIOUS_MOVE = YES;
				CLANG_WARN_UNREACHABLE_CODE = YES;
				CLANG_WARN__DUPLICATE_METHOD_MATCH = YES;
				"CODE_SIGN_IDENTITY[sdk=iphoneos*]" = "iPhone Developer";
				COPY_PHASE_STRIP = NO;
				DEBUG_INFORMATION_FORMAT = "dwarf-with-dsym";
				ENABLE_NS_ASSERTIONS = NO;
				ENABLE_STRICT_OBJC_MSGSEND = YES;
				GCC_C_LANGUAGE_STANDARD = gnu99;
				GCC_NO_COMMON_BLOCKS = YES;
				GCC_WARN_64_TO_32_BIT_CONVERSION = YES;
				GCC_WARN_ABOUT_RETURN_TYPE = YES_ERROR;
				GCC_WARN_UNDECLARED_SELECTOR = YES;
				GCC_WARN_UNINITIALIZED_AUTOS = YES_AGGRESSIVE;
				GCC_WARN_UNUSED_FUNCTION = YES;
				GCC_WARN_UNUSED_VARIABLE = YES;
				IPHONEOS_DEPLOYMENT_TARGET = 10.2;
				MTL_ENABLE_DEBUG_INFO = NO;
				SDKROOT = iphoneos;
				VALIDATE_PRODUCT = YES;
			};
			name = Release;
		};
		B61A9ADB1E95DF7B0096AFA3 /* Debug */ = {
			isa = XCBuildConfiguration;
			buildSettings = {
				ASSETCATALOG_COMPILER_APPICON_NAME = AppIcon;
				DEVELOPMENT_TEAM = 3EJNX95B3D;
				INFOPLIST_FILE = AlternateIcons/Info.plist;
				LD_RUNPATH_SEARCH_PATHS = "$(inherited) @executable_path/Frameworks";
				PRODUCT_BUNDLE_IDENTIFIER = com.chinanetcenter.demo;
				PRODUCT_NAME = "$(TARGET_NAME)";
			};
			name = Debug;
		};
		B61A9ADC1E95DF7B0096AFA3 /* Release */ = {
			isa = XCBuildConfiguration;
			buildSettings = {
				ASSETCATALOG_COMPILER_APPICON_NAME = AppIcon;
				DEVELOPMENT_TEAM = 3EJNX95B3D;
				INFOPLIST_FILE = AlternateIcons/Info.plist;
				LD_RUNPATH_SEARCH_PATHS = "$(inherited) @executable_path/Frameworks";
				PRODUCT_BUNDLE_IDENTIFIER = com.chinanetcenter.demo;
				PRODUCT_NAME = "$(TARGET_NAME)";
			};
			name = Release;
		};
		B61A9ADE1E95DF7B0096AFA3 /* Debug */ = {
			isa = XCBuildConfiguration;
			buildSettings = {
				BUNDLE_LOADER = "$(TEST_HOST)";
				DEVELOPMENT_TEAM = 8D983AWF36;
				INFOPLIST_FILE = AlternateIconsTests/Info.plist;
				LD_RUNPATH_SEARCH_PATHS = "$(inherited) @executable_path/Frameworks @loader_path/Frameworks";
				PRODUCT_BUNDLE_IDENTIFIER = com.chinanetcenter.AlternateIconsTests;
				PRODUCT_NAME = "$(TARGET_NAME)";
				TEST_HOST = "$(BUILT_PRODUCTS_DIR)/AlternateIcons.app/AlternateIcons";
			};
			name = Debug;
		};
		B61A9ADF1E95DF7B0096AFA3 /* Release */ = {
			isa = XCBuildConfiguration;
			buildSettings = {
				BUNDLE_LOADER = "$(TEST_HOST)";
				DEVELOPMENT_TEAM = 8D983AWF36;
				INFOPLIST_FILE = AlternateIconsTests/Info.plist;
				LD_RUNPATH_SEARCH_PATHS = "$(inherited) @executable_path/Frameworks @loader_path/Frameworks";
				PRODUCT_BUNDLE_IDENTIFIER = com.chinanetcenter.AlternateIconsTests;
				PRODUCT_NAME = "$(TARGET_NAME)";
				TEST_HOST = "$(BUILT_PRODUCTS_DIR)/AlternateIcons.app/AlternateIcons";
			};
			name = Release;
		};
/* End XCBuildConfiguration section */

/* Begin XCConfigurationList section */
		B61A9AB31E95DF7A0096AFA3 /* Build configuration list for PBXProject "AlternateIcons" */ = {
			isa = XCConfigurationList;
			buildConfigurations = (
				B61A9AD81E95DF7B0096AFA3 /* Debug */,
				B61A9AD91E95DF7B0096AFA3 /* Release */,
			);
			defaultConfigurationIsVisible = 0;
			defaultConfigurationName = Release;
		};
		B61A9ADA1E95DF7B0096AFA3 /* Build configuration list for PBXNativeTarget "AlternateIcons" */ = {
			isa = XCConfigurationList;
			buildConfigurations = (
				B61A9ADB1E95DF7B0096AFA3 /* Debug */,
				B61A9ADC1E95DF7B0096AFA3 /* Release */,
			);
			defaultConfigurationIsVisible = 0;
			defaultConfigurationName = Release;
		};
		B61A9ADD1E95DF7B0096AFA3 /* Build configuration list for PBXNativeTarget "AlternateIconsTests" */ = {
			isa = XCConfigurationList;
			buildConfigurations = (
				B61A9ADE1E95DF7B0096AFA3 /* Debug */,
				B61A9ADF1E95DF7B0096AFA3 /* Release */,
			);
			defaultConfigurationIsVisible = 0;
			defaultConfigurationName = Release;
		};
/* End XCConfigurationList section */
	};
	rootObject = B61A9AB01E95DF7A0096AFA3 /* Project object */;
}
